
Microsoft Visual Studio Solution File, Format Version 12.00
# Visual Studio Version 17
VisualStudioVersion = 17.3.32929.385
MinimumVisualStudioVersion = 10.0.40219.1
Project("{9A19103F-16F7-4668-BE54-9A1E7A4F7556}") = "DataAccess", "DataAccess\DataAccess.csproj", "{C4CA40DC-831D-4071-851E-5BCD805AEA99}"
EndProject
Project("{9A19103F-16F7-4668-BE54-9A1E7A4F7556}") = "Entities", "Entities\Entities.csproj", "{017659FB-6078-4728-93EE-034B6A04AE47}"
EndProject
Project("{9A19103F-16F7-4668-BE54-9A1E7A4F7556}") = "Business", "Business\Business.csproj", "{316F55E1-19F1-4D47-9134-0563DEC94FB1}"
EndProject
Project("{9A19103F-16F7-4668-BE54-9A1E7A4F7556}") = "ConsoleUI", "ConsoleUI\ConsoleUI.csproj", "{2F7BC186-A33D-4366-BBB0-9A0D4C4CA425}"
EndProject
Project("{FAE04EC0-301F-11D3-BF4B-00C04F79EFBC}") = "Core", "Core\Core.csproj", "{577DEBFD-4E17-4776-9764-FCFD37B686BA}"
EndProject
Global
	GlobalSection(SolutionConfigurationPlatforms) = preSolution
		Debug|Any CPU = Debug|Any CPU
		Release|Any CPU = Release|Any CPU
	EndGlobalSection
	GlobalSection(ProjectConfigurationPlatforms) = postSolution
		{C4CA40DC-831D-4071-851E-5BCD805AEA99}.Debug|Any CPU.ActiveCfg = Debug|Any CPU
		{C4CA40DC-831D-4071-851E-5BCD805AEA99}.Debug|Any CPU.Build.0 = Debug|Any CPU
		{C4CA40DC-831D-4071-851E-5BCD805AEA99}.Release|Any CPU.ActiveCfg = Release|Any CPU
		{C4CA40DC-831D-4071-851E-5BCD805AEA99}.Release|Any CPU.Build.0 = Release|Any CPU
		{017659FB-6078-4728-93EE-034B6A04AE47}.Debug|Any CPU.ActiveCfg = Debug|Any CPU
		{017659FB-6078-4728-93EE-034B6A04AE47}.Debug|Any CPU.Build.0 = Debug|Any CPU
		{017659FB-6078-4728-93EE-034B6A04AE47}.Release|Any CPU.ActiveCfg = Release|Any CPU
		{017659FB-6078-4728-93EE-034B6A04AE47}.Release|Any CPU.Build.0 = Release|Any CPU
		{316F55E1-19F1-4D47-9134-0563DEC94FB1}.Debug|Any CPU.ActiveCfg = Debug|Any CPU
		{316F55E1-19F1-4D47-9134-0563DEC94FB1}.Debug|Any CPU.Build.0 = Debug|Any CPU
		{316F55E1-19F1-4D47-9134-0563DEC94FB1}.Release|Any CPU.ActiveCfg = Release|Any CPU
		{316F55E1-19F1-4D47-9134-0563DEC94FB1}.Release|Any CPU.Build.0 = Release|Any CPU
		{2F7BC186-A33D-4366-BBB0-9A0D4C4CA425}.Debug|Any CPU.ActiveCfg = Debug|Any CPU
		{2F7BC186-A33D-4366-BBB0-9A0D4C4CA425}.Debug|Any CPU.Build.0 = Debug|Any CPU
		{2F7BC186-A33D-4366-BBB0-9A0D4C4CA425}.Release|Any CPU.ActiveCfg = Release|Any CPU
		{2F7BC186-A33D-4366-BBB0-9A0D4C4CA425}.Release|Any CPU.Build.0 = Release|Any CPU
		{577DEBFD-4E17-4776-9764-FCFD37B686BA}.Debug|Any CPU.ActiveCfg = Debug|Any CPU
		{577DEBFD-4E17-4776-9764-FCFD37B686BA}.Debug|Any CPU.Build.0 = Debug|Any CPU
		{577DEBFD-4E17-4776-9764-FCFD37B686BA}.Release|Any CPU.ActiveCfg = Release|Any CPU
		{577DEBFD-4E17-4776-9764-FCFD37B686BA}.Release|Any CPU.Build.0 = Release|Any CPU
	EndGlobalSection
	GlobalSection(SolutionProperties) = preSolution
		HideSolutionNode = FALSE
	EndGlobalSection
	GlobalSection(ExtensibilityGlobals) = postSolution
		SolutionGuid = {BA09FB0E-7E36-400F-9321-791A7B9F1011}
	EndGlobalSection
EndGlobal
